
Microsoft Visual Studio Solution File, Format Version 12.00
# Visual Studio Version 17
VisualStudioVersion = 17.7.34031.279
MinimumVisualStudioVersion = 10.0.40219.1
Project("{FAE04EC0-301F-11D3-BF4B-00C04F79EFBC}") = "EvelinaBashynskaRobotChallenge", "EvelinaBashynskaRobotChallenge.csproj", "{F03B94E8-A92B-4328-96E4-BAD134BC6A26}"
EndProject
Project("{FAE04EC0-301F-11D3-BF4B-00C04F79EFBC}") = "EvelinaBashynskaRobotChallengeTest", "..\ZakharRapitskyiRobotChallengeTest\EvelinaBashynskaRobotChallengeTest.csproj", "{EC0A3229-6029-43A5-A990-5F1C8F77D274}"
EndProject
Global
	GlobalSection(SolutionConfigurationPlatforms) = preSolution
		Debug|Any CPU = Debug|Any CPU
		Release|Any CPU = Release|Any CPU
	EndGlobalSection
	GlobalSection(ProjectConfigurationPlatforms) = postSolution
		{F03B94E8-A92B-4328-96E4-BAD134BC6A26}.Debug|Any CPU.ActiveCfg = Debug|Any CPU
		{F03B94E8-A92B-4328-96E4-BAD134BC6A26}.Debug|Any CPU.Build.0 = Debug|Any CPU
		{F03B94E8-A92B-4328-96E4-BAD134BC6A26}.Release|Any CPU.ActiveCfg = Release|Any CPU
		{F03B94E8-A92B-4328-96E4-BAD134BC6A26}.Release|Any CPU.Build.0 = Release|Any CPU
		{EC0A3229-6029-43A5-A990-5F1C8F77D274}.Debug|Any CPU.ActiveCfg = Debug|Any CPU
		{EC0A3229-6029-43A5-A990-5F1C8F77D274}.Debug|Any CPU.Build.0 = Debug|Any CPU
		{EC0A3229-6029-43A5-A990-5F1C8F77D274}.Release|Any CPU.ActiveCfg = Release|Any CPU
		{EC0A3229-6029-43A5-A990-5F1C8F77D274}.Release|Any CPU.Build.0 = Release|Any CPU
	EndGlobalSection
	GlobalSection(SolutionProperties) = preSolution
		HideSolutionNode = FALSE
	EndGlobalSection
	GlobalSection(ExtensibilityGlobals) = postSolution
		SolutionGuid = {7963D790-B109-4FC0-A153-0F3F40AADCDF}
	EndGlobalSection
EndGlobal
